
Microsoft Visual Studio Solution File, Format Version 12.00
# Visual Studio 15
VisualStudioVersion = 15.0.28307.572
MinimumVisualStudioVersion = 10.0.40219.1
Project("{FAE04EC0-301F-11D3-BF4B-00C04F79EFBC}") = "ConsoleSnake", "ConsoleSnake\ConsoleSnake.csproj", "{38876CDC-550B-4763-9792-BC3B90AB9414}"
EndProject
Global
	GlobalSection(SolutionConfigurationPlatforms) = preSolution
		Debug|Any CPU = Debug|Any CPU
		Release|Any CPU = Release|Any CPU
	EndGlobalSection
	GlobalSection(ProjectConfigurationPlatforms) = postSolution
		{38876CDC-550B-4763-9792-BC3B90AB9414}.Debug|Any CPU.ActiveCfg = Debug|Any CPU
		{38876CDC-550B-4763-9792-BC3B90AB9414}.Debug|Any CPU.Build.0 = Debug|Any CPU
		{38876CDC-550B-4763-9792-BC3B90AB9414}.Release|Any CPU.ActiveCfg = Release|Any CPU
		{38876CDC-550B-4763-9792-BC3B90AB9414}.Release|Any CPU.Build.0 = Release|Any CPU
	EndGlobalSection
	GlobalSection(SolutionProperties) = preSolution
		HideSolutionNode = FALSE
	EndGlobalSection
	GlobalSection(ExtensibilityGlobals) = postSolution
		SolutionGuid = {C74DD387-C71B-45C1-95F3-2AA5DC98456D}
	EndGlobalSection
EndGlobal
